
Microsoft Visual Studio Solution File, Format Version 12.00
# Visual Studio 14
VisualStudioVersion = 14.0.23107.0
MinimumVisualStudioVersion = 10.0.40219.1
Project("{FAE04EC0-301F-11D3-BF4B-00C04F79EFBC}") = "TicketSystem.Domain", "TicketSystem.Domain\TicketSystem.Domain.csproj", "{8757A26A-2FEB-4484-A303-20C1551AF464}"
EndProject
Project("{FAE04EC0-301F-11D3-BF4B-00C04F79EFBC}") = "TicketSystem.WebApp", "TicketSystem.WebApp\TicketSystem.WebApp.csproj", "{F0D8E9EC-C2B8-451F-B4D5-2811E524D76D}"
EndProject
Project("{FAE04EC0-301F-11D3-BF4B-00C04F79EFBC}") = "TicketSystem.Data", "TicketSystem.Data\TicketSystem.Data.csproj", "{6DB2FA88-14AC-4683-936A-8258DED89B56}"
EndProject
Global
	GlobalSection(SolutionConfigurationPlatforms) = preSolution
		Debug|Any CPU = Debug|Any CPU
		Release|Any CPU = Release|Any CPU
	EndGlobalSection
	GlobalSection(ProjectConfigurationPlatforms) = postSolution
		{8757A26A-2FEB-4484-A303-20C1551AF464}.Debug|Any CPU.ActiveCfg = Debug|Any CPU
		{8757A26A-2FEB-4484-A303-20C1551AF464}.Debug|Any CPU.Build.0 = Debug|Any CPU
		{8757A26A-2FEB-4484-A303-20C1551AF464}.Release|Any CPU.ActiveCfg = Release|Any CPU
		{8757A26A-2FEB-4484-A303-20C1551AF464}.Release|Any CPU.Build.0 = Release|Any CPU
		{F0D8E9EC-C2B8-451F-B4D5-2811E524D76D}.Debug|Any CPU.ActiveCfg = Debug|Any CPU
		{F0D8E9EC-C2B8-451F-B4D5-2811E524D76D}.Debug|Any CPU.Build.0 = Debug|Any CPU
		{F0D8E9EC-C2B8-451F-B4D5-2811E524D76D}.Release|Any CPU.ActiveCfg = Release|Any CPU
		{F0D8E9EC-C2B8-451F-B4D5-2811E524D76D}.Release|Any CPU.Build.0 = Release|Any CPU
		{6DB2FA88-14AC-4683-936A-8258DED89B56}.Debug|Any CPU.ActiveCfg = Debug|Any CPU
		{6DB2FA88-14AC-4683-936A-8258DED89B56}.Debug|Any CPU.Build.0 = Debug|Any CPU
		{6DB2FA88-14AC-4683-936A-8258DED89B56}.Release|Any CPU.ActiveCfg = Release|Any CPU
		{6DB2FA88-14AC-4683-936A-8258DED89B56}.Release|Any CPU.Build.0 = Release|Any CPU
	EndGlobalSection
	GlobalSection(SolutionProperties) = preSolution
		HideSolutionNode = FALSE
	EndGlobalSection
EndGlobal
